
Microsoft Visual Studio Solution File, Format Version 12.00
# Visual Studio Version 17
VisualStudioVersion = 17.3.32929.385
MinimumVisualStudioVersion = 10.0.40219.1
Project("{FAE04EC0-301F-11D3-BF4B-00C04F79EFBC}") = "HmiDeviceProject", "HmiDeviceProject\HmiDeviceProject.csproj", "{DC779101-0985-4480-8B4D-F6C8469CF51D}"
EndProject
Global
	GlobalSection(SolutionConfigurationPlatforms) = preSolution
		Debug|Any CPU = Debug|Any CPU
		Release|Any CPU = Release|Any CPU
	EndGlobalSection
	GlobalSection(ProjectConfigurationPlatforms) = postSolution
		{DC779101-0985-4480-8B4D-F6C8469CF51D}.Debug|Any CPU.ActiveCfg = Debug|Any CPU
		{DC779101-0985-4480-8B4D-F6C8469CF51D}.Debug|Any CPU.Build.0 = Debug|Any CPU
		{DC779101-0985-4480-8B4D-F6C8469CF51D}.Release|Any CPU.ActiveCfg = Release|Any CPU
		{DC779101-0985-4480-8B4D-F6C8469CF51D}.Release|Any CPU.Build.0 = Release|Any CPU
	EndGlobalSection
	GlobalSection(SolutionProperties) = preSolution
		HideSolutionNode = FALSE
	EndGlobalSection
	GlobalSection(ExtensibilityGlobals) = postSolution
		SolutionGuid = {77301AD2-0BA8-45D8-AA1B-2E33E977D1A7}
	EndGlobalSection
EndGlobal
